
Microsoft Visual Studio Solution File, Format Version 12.00
# Visual Studio Version 17
VisualStudioVersion = 17.10.35027.167
MinimumVisualStudioVersion = 10.0.40219.1
Project("{FAE04EC0-301F-11D3-BF4B-00C04F79EFBC}") = "DiscordBot", "DiscordBot\DiscordBot.csproj", "{4C084A0B-B0DD-4DF7-8AD8-CBF8165C4A09}"
EndProject
Project("{2150E333-8FDC-42A3-9474-1A3956D46DE8}") = "Элементы решения", "Элементы решения", "{92A42F7A-7B45-4347-9B1E-827DDDE8F991}"
	ProjectSection(SolutionItems) = preProject
		runbot.sh = runbot.sh
	EndProjectSection
EndProject
Global
	GlobalSection(SolutionConfigurationPlatforms) = preSolution
		Debug|Any CPU = Debug|Any CPU
		Release|Any CPU = Release|Any CPU
	EndGlobalSection
	GlobalSection(ProjectConfigurationPlatforms) = postSolution
		{4C084A0B-B0DD-4DF7-8AD8-CBF8165C4A09}.Debug|Any CPU.ActiveCfg = Debug|Any CPU
		{4C084A0B-B0DD-4DF7-8AD8-CBF8165C4A09}.Debug|Any CPU.Build.0 = Debug|Any CPU
		{4C084A0B-B0DD-4DF7-8AD8-CBF8165C4A09}.Release|Any CPU.ActiveCfg = Release|Any CPU
		{4C084A0B-B0DD-4DF7-8AD8-CBF8165C4A09}.Release|Any CPU.Build.0 = Release|Any CPU
	EndGlobalSection
	GlobalSection(SolutionProperties) = preSolution
		HideSolutionNode = FALSE
	EndGlobalSection
	GlobalSection(ExtensibilityGlobals) = postSolution
		SolutionGuid = {E3406011-0680-47D7-9176-6388D5E0AAB7}
	EndGlobalSection
EndGlobal
